{
  "name": "nextjs-notion-starter-kit",
  "version": "0.1.0",
  "lockfileVersion": 1,
  "requires": true,
  "dependencies": {
    "@types/gtag.js": {
      "version": "0.0.7",
      "resolved": "https://registry.npmjs.org/@types/gtag.js/-/gtag.js-0.0.7.tgz",
      "integrity": "sha512-Kl5beBoB0OXw7WeFgHHpLEchvC7HyIu3v1AksNNTemAF6jmEmQGqhZQSHcG6BOU/Lq0xsByQNqLzicLPjVkxYQ==",
      "dev": true
    }
  }
}
