{
  "name": "nextjs-notion-starter-kit",
  "version": "0.1.0",
  "lockfileVersion": 1,
  "requires": true,
  "dependencies": {
    "@types/react-gtm-module": {
      "version": "2.0.1",
      "resolved": "https://registry.npmjs.org/@types/react-gtm-module/-/react-gtm-module-2.0.1.tgz",
      "integrity": "sha512-T/DN9gAbCYk5wJ1nxf4pSwmXz4d1iVjM++OoG+mwMfz9STMAotGjSb65gJHOS5bPvl6vLSsJnuC+y/43OQrltg==",
      "dev": true
    },
    "react-gtm-module": {
      "version": "2.0.11",
      "resolved": "https://registry.npmjs.org/react-gtm-module/-/react-gtm-module-2.0.11.tgz",
      "integrity": "sha512-8gyj4TTxeP7eEyc2QKawEuQoAZdjKvMY4pgWfycGmqGByhs17fR+zEBs0JUDq4US/l+vbTl+6zvUIx27iDo/Vw=="
    }
  }
}
